
Microsoft Visual Studio Solution File, Format Version 12.00
# Visual Studio Version 16
VisualStudioVersion = 16.0.30717.126
MinimumVisualStudioVersion = 10.0.40219.1
Project("{FAE04EC0-301F-11D3-BF4B-00C04F79EFBC}") = "ACCSetups", "ACCSetups\ACCSetups.csproj", "{7066D9C2-EE40-432F-85B8-6A3E30A8B7D4}"
EndProject
Project("{FAE04EC0-301F-11D3-BF4B-00C04F79EFBC}") = "ACCSetupsTests", "ACCSetupsTests\ACCSetupsTests.csproj", "{FA5331FA-9483-46F2-9CF0-EB66F7FB2045}"
EndProject
Global
	GlobalSection(SolutionConfigurationPlatforms) = preSolution
		Debug|Any CPU = Debug|Any CPU
		Release|Any CPU = Release|Any CPU
	EndGlobalSection
	GlobalSection(ProjectConfigurationPlatforms) = postSolution
		{7066D9C2-EE40-432F-85B8-6A3E30A8B7D4}.Debug|Any CPU.ActiveCfg = Debug|Any CPU
		{7066D9C2-EE40-432F-85B8-6A3E30A8B7D4}.Debug|Any CPU.Build.0 = Debug|Any CPU
		{7066D9C2-EE40-432F-85B8-6A3E30A8B7D4}.Release|Any CPU.ActiveCfg = Release|Any CPU
		{7066D9C2-EE40-432F-85B8-6A3E30A8B7D4}.Release|Any CPU.Build.0 = Release|Any CPU
		{FA5331FA-9483-46F2-9CF0-EB66F7FB2045}.Debug|Any CPU.ActiveCfg = Debug|Any CPU
		{FA5331FA-9483-46F2-9CF0-EB66F7FB2045}.Debug|Any CPU.Build.0 = Debug|Any CPU
		{FA5331FA-9483-46F2-9CF0-EB66F7FB2045}.Release|Any CPU.ActiveCfg = Release|Any CPU
		{FA5331FA-9483-46F2-9CF0-EB66F7FB2045}.Release|Any CPU.Build.0 = Release|Any CPU
	EndGlobalSection
	GlobalSection(SolutionProperties) = preSolution
		HideSolutionNode = FALSE
	EndGlobalSection
	GlobalSection(ExtensibilityGlobals) = postSolution
		SolutionGuid = {CCA7A1DF-6889-41A2-80FA-01F95E7C17DB}
	EndGlobalSection
EndGlobal
